// !$*UTF8*$!
{
	archiveVersion = 1;
	classes = {
	};
	objectVersion = 70;
	objects = {

/* Begin PBXBuildFile section */
		99DCD9272D9FD27400A3CA25 /* SharedUI in Frameworks */ = {isa = PBXBuildFile; productRef = 99DCD9262D9FD27400A3CA25 /* SharedUI */; };
		C54DA2B72D368A40005142F4 /* Core in Frameworks */ = {isa = PBXBuildFile; productRef = C54DA2B62D368A40005142F4 /* Core */; };
		C54DA2B92D368A40005142F4 /* Mocks in Frameworks */ = {isa = PBXBuildFile; productRef = C54DA2B82D368A40005142F4 /* Mocks */; };
		C54DA2BB2D368A40005142F4 /* Models in Frameworks */ = {isa = PBXBuildFile; productRef = C54DA2BA2D368A40005142F4 /* Models */; };
		C54DA2BD2D368A40005142F4 /* Navigation in Frameworks */ = {isa = PBXBuildFile; productRef = C54DA2BC2D368A40005142F4 /* Navigation */; };
		C54DA59D2D369927005142F4 /* TestUtils in Frameworks */ = {isa = PBXBuildFile; productRef = C54DA59C2D369927005142F4 /* TestUtils */; };
		C5DCD5F42D3EA0B70005AAB0 /* Common in Frameworks */ = {isa = PBXBuildFile; productRef = C5DCD5F32D3EA0B70005AAB0 /* Common */; };
/* End PBXBuildFile section */

/* Begin PBXContainerItemProxy section */
		BE8B02352B616979007AE489 /* PBXContainerItemProxy */ = {
			isa = PBXContainerItemProxy;
			containerPortal = BE8B021C2B616976007AE489 /* Project object */;
			proxyType = 1;
			remoteGlobalIDString = BE8B02232B616976007AE489;
			remoteInfo = Alfie;
		};
		BE8B023F2B616979007AE489 /* PBXContainerItemProxy */ = {
			isa = PBXContainerItemProxy;
			containerPortal = BE8B021C2B616976007AE489 /* Project object */;
			proxyType = 1;
			remoteGlobalIDString = BE8B02232B616976007AE489;
			remoteInfo = Alfie;
		};
/* End PBXContainerItemProxy section */

/* Begin PBXFileReference section */
		99EB3B502D65EF4D00CE24EB /* alfie.yml */ = {isa = PBXFileReference; lastKnownFileType = text.yaml; path = alfie.yml; sourceTree = "<group>"; };
		BE8B02242B616976007AE489 /* Alfie.app */ = {isa = PBXFileReference; explicitFileType = wrapper.application; includeInIndex = 0; path = Alfie.app; sourceTree = BUILT_PRODUCTS_DIR; };
		BE8B02342B616979007AE489 /* AlfieTests.xctest */ = {isa = PBXFileReference; explicitFileType = wrapper.cfbundle; includeInIndex = 0; path = AlfieTests.xctest; sourceTree = BUILT_PRODUCTS_DIR; };
		BE8B023E2B616979007AE489 /* AlfieUITests.xctest */ = {isa = PBXFileReference; explicitFileType = wrapper.cfbundle; includeInIndex = 0; path = AlfieUITests.xctest; sourceTree = BUILT_PRODUCTS_DIR; };
		C5C9C4C92D3571D800D5D70E /* AlfieKit */ = {isa = PBXFileReference; lastKnownFileType = wrapper; path = AlfieKit; sourceTree = "<group>"; };
/* End PBXFileReference section */

/* Begin PBXFileSystemSynchronizedBuildFileExceptionSet section */
		615E06D72CF633FC00065ECF /* PBXFileSystemSynchronizedBuildFileExceptionSet */ = {
			isa = PBXFileSystemSynchronizedBuildFileExceptionSet;
			membershipExceptions = (
				Snapshots/BrandsViewSnapshotTests.swift,
				Snapshots/CategoriesViewSnapshotTests.swift,
				Snapshots/ProductDetailsColorSheetSnapshotTests.swift,
				Snapshots/ProductDetailsViewSnapshotTests.swift,
				Snapshots/RecentSearchesSnapshotTests.swift,
				Snapshots/SearchViewSnapshotTests.swift,
				Snapshots/ShopViewSnapshotTests.swift,
			);
			target = BE8B02332B616979007AE489 /* AlfieTests */;
		};
		615E08462CF6369900065ECF /* PBXFileSystemSynchronizedBuildFileExceptionSet */ = {
			isa = PBXFileSystemSynchronizedBuildFileExceptionSet;
			membershipExceptions = (
				Alfie.xctestplan,
				"Configuration/Debug/GoogleService-Info.plist",
				"Configuration/Debug/GoogleService-Info.plist.secret",
				"Configuration/Release/GoogleService-Info.plist",
				"Configuration/Release/GoogleService-Info.plist.secret",
				Info.plist,
			);
			target = BE8B02232B616976007AE489 /* Alfie */;
		};
/* End PBXFileSystemSynchronizedBuildFileExceptionSet section */

/* Begin PBXFileSystemSynchronizedRootGroup section */
		615E06B92CF633FC00065ECF /* AlfieTests */ = {isa = PBXFileSystemSynchronizedRootGroup; exceptions = (615E06D72CF633FC00065ECF /* PBXFileSystemSynchronizedBuildFileExceptionSet */, ); explicitFileTypes = {}; explicitFolders = (); path = AlfieTests; sourceTree = "<group>"; };
		615E06DA2CF633FE00065ECF /* AlfieUITests */ = {isa = PBXFileSystemSynchronizedRootGroup; explicitFileTypes = {}; explicitFolders = (); path = AlfieUITests; sourceTree = "<group>"; };
		615E07D42CF6369900065ECF /* Alfie */ = {isa = PBXFileSystemSynchronizedRootGroup; exceptions = (615E08462CF6369900065ECF /* PBXFileSystemSynchronizedBuildFileExceptionSet */, ); explicitFileTypes = {}; explicitFolders = (); path = Alfie; sourceTree = "<group>"; };
/* End PBXFileSystemSynchronizedRootGroup section */

/* Begin PBXFrameworksBuildPhase section */
		BE8B02212B616976007AE489 /* Frameworks */ = {
			isa = PBXFrameworksBuildPhase;
			buildActionMask = 2147483647;
			files = (
				C54DA2BD2D368A40005142F4 /* Navigation in Frameworks */,
				C54DA2BB2D368A40005142F4 /* Models in Frameworks */,
				99DCD9272D9FD27400A3CA25 /* SharedUI in Frameworks */,
				C5DCD5F42D3EA0B70005AAB0 /* Common in Frameworks */,
				C54DA2B92D368A40005142F4 /* Mocks in Frameworks */,
				C54DA2B72D368A40005142F4 /* Core in Frameworks */,
			);
			runOnlyForDeploymentPostprocessing = 0;
		};
		BE8B02312B616979007AE489 /* Frameworks */ = {
			isa = PBXFrameworksBuildPhase;
			buildActionMask = 2147483647;
			files = (
				C54DA59D2D369927005142F4 /* TestUtils in Frameworks */,
			);
			runOnlyForDeploymentPostprocessing = 0;
		};
		BE8B023B2B616979007AE489 /* Frameworks */ = {
			isa = PBXFrameworksBuildPhase;
			buildActionMask = 2147483647;
			files = (
			);
			runOnlyForDeploymentPostprocessing = 0;
		};
/* End PBXFrameworksBuildPhase section */

/* Begin PBXGroup section */
		99EB3B512D65EF4D00CE24EB /* workflows */ = {
			isa = PBXGroup;
			children = (
				99EB3B502D65EF4D00CE24EB /* alfie.yml */,
			);
			path = workflows;
			sourceTree = "<group>";
		};
		99EB3B522D65EF4D00CE24EB /* .github */ = {
			isa = PBXGroup;
			children = (
				99EB3B512D65EF4D00CE24EB /* workflows */,
			);
			name = .github;
			path = ../.github;
			sourceTree = SOURCE_ROOT;
		};
		BAB78AEE2B6C00B90038C650 /* Frameworks */ = {
			isa = PBXGroup;
			children = (
			);
			name = Frameworks;
			sourceTree = "<group>";
		};
		BE8B021B2B616976007AE489 = {
			isa = PBXGroup;
			children = (
				99EB3B522D65EF4D00CE24EB /* .github */,
				C5C9C4C92D3571D800D5D70E /* AlfieKit */,
				615E07D42CF6369900065ECF /* Alfie */,
				615E06B92CF633FC00065ECF /* AlfieTests */,
				615E06DA2CF633FE00065ECF /* AlfieUITests */,
				BE8B02252B616976007AE489 /* Products */,
				BAB78AEE2B6C00B90038C650 /* Frameworks */,
			);
			sourceTree = "<group>";
		};
		BE8B02252B616976007AE489 /* Products */ = {
			isa = PBXGroup;
			children = (
				BE8B02242B616976007AE489 /* Alfie.app */,
				BE8B02342B616979007AE489 /* AlfieTests.xctest */,
				BE8B023E2B616979007AE489 /* AlfieUITests.xctest */,
			);
			name = Products;
			sourceTree = "<group>";
		};
/* End PBXGroup section */

/* Begin PBXNativeTarget section */
		BE8B02232B616976007AE489 /* Alfie */ = {
			isa = PBXNativeTarget;
			buildConfigurationList = BE8B02482B616979007AE489 /* Build configuration list for PBXNativeTarget "Alfie" */;
			buildPhases = (
				BA63F6C52B73917F00089233 /* SwiftLint */,
				99DCD9282D9FD72600A3CA25 /* Run SwiftGen */,
				BAEFC2602B84AA5600387C00 /* Copy GoogleService-Info.plist */,
				BE8B02202B616976007AE489 /* Sources */,
				BE8B02212B616976007AE489 /* Frameworks */,
				BE8B02222B616976007AE489 /* Resources */,
			);
			buildRules = (
			);
			dependencies = (
			);
			fileSystemSynchronizedGroups = (
				615E07D42CF6369900065ECF /* Alfie */,
			);
			name = Alfie;
			packageProductDependencies = (
				C54DA2B62D368A40005142F4 /* Core */,
				C54DA2B82D368A40005142F4 /* Mocks */,
				C54DA2BA2D368A40005142F4 /* Models */,
				C54DA2BC2D368A40005142F4 /* Navigation */,
				C54DA2BE2D368A40005142F4 /* StyleGuide */,
				C5DCD5F32D3EA0B70005AAB0 /* Common */,
				99DCD9262D9FD27400A3CA25 /* SharedUI */,
			);
			productName = Alfie;
			productReference = BE8B02242B616976007AE489 /* Alfie.app */;
			productType = "com.apple.product-type.application";
		};
		BE8B02332B616979007AE489 /* AlfieTests */ = {
			isa = PBXNativeTarget;
			buildConfigurationList = BE8B024B2B616979007AE489 /* Build configuration list for PBXNativeTarget "AlfieTests" */;
			buildPhases = (
				BE8B02302B616979007AE489 /* Sources */,
				BE8B02312B616979007AE489 /* Frameworks */,
				BE8B02322B616979007AE489 /* Resources */,
			);
			buildRules = (
			);
			dependencies = (
				BE8B02362B616979007AE489 /* PBXTargetDependency */,
			);
			fileSystemSynchronizedGroups = (
				615E06B92CF633FC00065ECF /* AlfieTests */,
			);
			name = AlfieTests;
			packageProductDependencies = (
				C54DA59C2D369927005142F4 /* TestUtils */,
			);
			productName = AlfieTests;
			productReference = BE8B02342B616979007AE489 /* AlfieTests.xctest */;
			productType = "com.apple.product-type.bundle.unit-test";
		};
		BE8B023D2B616979007AE489 /* AlfieUITests */ = {
			isa = PBXNativeTarget;
			buildConfigurationList = BE8B024E2B616979007AE489 /* Build configuration list for PBXNativeTarget "AlfieUITests" */;
			buildPhases = (
				BE8B023A2B616979007AE489 /* Sources */,
				BE8B023B2B616979007AE489 /* Frameworks */,
				BE8B023C2B616979007AE489 /* Resources */,
			);
			buildRules = (
			);
			dependencies = (
				BE8B02402B616979007AE489 /* PBXTargetDependency */,
			);
			fileSystemSynchronizedGroups = (
				615E06DA2CF633FE00065ECF /* AlfieUITests */,
			);
			name = AlfieUITests;
			productName = AlfieUITests;
			productReference = BE8B023E2B616979007AE489 /* AlfieUITests.xctest */;
			productType = "com.apple.product-type.bundle.ui-testing";
		};
/* End PBXNativeTarget section */

/* Begin PBXProject section */
		BE8B021C2B616976007AE489 /* Project object */ = {
			isa = PBXProject;
			attributes = {
				BuildIndependentTargetsInParallel = 1;
				LastSwiftUpdateCheck = 1520;
				LastUpgradeCheck = 1520;
				TargetAttributes = {
					BE8B02232B616976007AE489 = {
						CreatedOnToolsVersion = 15.2;
					};
					BE8B02332B616979007AE489 = {
						CreatedOnToolsVersion = 15.2;
						TestTargetID = BE8B02232B616976007AE489;
					};
					BE8B023D2B616979007AE489 = {
						CreatedOnToolsVersion = 15.2;
						TestTargetID = BE8B02232B616976007AE489;
					};
				};
			};
			buildConfigurationList = BE8B021F2B616976007AE489 /* Build configuration list for PBXProject "Alfie" */;
			compatibilityVersion = "Xcode 14.0";
			developmentRegion = en;
			hasScannedForEncodings = 0;
			knownRegions = (
				en,
				Base,
			);
			mainGroup = BE8B021B2B616976007AE489;
			packageReferences = (
			);
			productRefGroup = BE8B02252B616976007AE489 /* Products */;
			projectDirPath = "";
			projectRoot = "";
			targets = (
				BE8B02232B616976007AE489 /* Alfie */,
				BE8B02332B616979007AE489 /* AlfieTests */,
				BE8B023D2B616979007AE489 /* AlfieUITests */,
			);
		};
/* End PBXProject section */

/* Begin PBXResourcesBuildPhase section */
		BE8B02222B616976007AE489 /* Resources */ = {
			isa = PBXResourcesBuildPhase;
			buildActionMask = 2147483647;
			files = (
			);
			runOnlyForDeploymentPostprocessing = 0;
		};
		BE8B02322B616979007AE489 /* Resources */ = {
			isa = PBXResourcesBuildPhase;
			buildActionMask = 2147483647;
			files = (
			);
			runOnlyForDeploymentPostprocessing = 0;
		};
		BE8B023C2B616979007AE489 /* Resources */ = {
			isa = PBXResourcesBuildPhase;
			buildActionMask = 2147483647;
			files = (
			);
			runOnlyForDeploymentPostprocessing = 0;
		};
/* End PBXResourcesBuildPhase section */

/* Begin PBXShellScriptBuildPhase section */
		99DCD9282D9FD72600A3CA25 /* Run SwiftGen */ = {
			isa = PBXShellScriptBuildPhase;
			buildActionMask = 2147483647;
			files = (
			);
			inputFileListPaths = (
			);
			inputPaths = (
				"$(SRCROOT)/AlfieKit/Sources/SharedUI/Resources/Localization/L10n.xcstrings",
				"$(SRCROOT)/AlfieKit/Sources/SharedUI/Resources/Templates/codegen-strings-structured.stencil",
				"$(SRCROOT)/AlfieKit/Sources/SharedUI/swiftgen.yml",
			);
			name = "Run SwiftGen";
			outputFileListPaths = (
			);
			outputPaths = (
				"$(SRCROOT)/Checksums/swiftgen_checksum.txt",
			);
			runOnlyForDeploymentPostprocessing = 0;
			shellPath = /bin/sh;
			shellScript = "set -euo pipefail\n\nCOMBINED_CONTENT=\"\"\nfor (( i=0; i<SCRIPT_INPUT_FILE_COUNT; i++ )); do\n  FILE_VAR=\"SCRIPT_INPUT_FILE_$i\"\n  FILE=\"$(eval echo \\$$FILE_VAR)\"\n  if [[ -f \"$FILE\" ]]; then\n    echo \"📄 Adding $FILE to checksum input...\"\n    COMBINED_CONTENT+=$(cat \"$FILE\")\n  else\n    echo \"❌ Missing input file: $FILE\"\n    exit 1\n  fi\ndone\n\nCHECKSUM=$(printf \"%s\" \"$COMBINED_CONTENT\" | shasum | cut -d ' ' -f 1)\nCHECKSUM_FILE=\"${SCRIPT_OUTPUT_FILE_0}\"\necho \"$CHECKSUM\" > \"$CHECKSUM_FILE\"\n\n# Check if running in CI/CD (GitHub Actions + Fastlane in Release mode)\nif [ \"${CI:-}\" == \"true\" ] && [ -n \"${SPM_CLONED_DEPENDENCIES_PATH:-}\" ] && [ \"${CONFIGURATION:-}\" == \"Release\" ]; then\n    # If running in CI/CD, use the SPM_CLONED_DEPENDENCIES_PATH\n    SWIFTGEN_PATH=$(find \"${SPM_CLONED_DEPENDENCIES_PATH}\" -type f -name swiftgen -perm +111 | head -n 1)\nelse\n    # Otherwise, use DerivedData path\n    DERIVED_DATA_PATH=\"${BUILD_DIR%Build/*}\"\n    SWIFTGEN_PATH=$(find \"${DERIVED_DATA_PATH}\" -type f -name swiftgen -perm +111 | head -n 1)\nfi\n\nif [[ -x \"$SWIFTGEN_PATH\" ]]; then\n  \"${SWIFTGEN_PATH}\" config run --config \"${SRCROOT}/AlfieKit/Sources/SharedUI/swiftgen.yml\"\nelse\n  echo \"⚠️ SwiftGen binary not found!\"\n  exit 1\nfi\n";
		};
		BA63F6C52B73917F00089233 /* SwiftLint */ = {
			isa = PBXShellScriptBuildPhase;
			alwaysOutOfDate = 1;
			buildActionMask = 2147483647;
			files = (
			);
			inputFileListPaths = (
			);
			inputPaths = (
			);
			name = SwiftLint;
			outputFileListPaths = (
			);
			outputPaths = (
			);
			runOnlyForDeploymentPostprocessing = 0;
			shellPath = /bin/sh;
			shellScript = "if which Tools/swiftlint >/dev/null; then\n    Tools/swiftlint lint --config .swiftlint.yml\nelse\n    echo \"warning: SwiftLint not installed, download from https://github.com/realm/SwiftLint\"\nfi\n";
		};
		BAEFC2602B84AA5600387C00 /* Copy GoogleService-Info.plist */ = {
			isa = PBXShellScriptBuildPhase;
			alwaysOutOfDate = 1;
			buildActionMask = 2147483647;
			files = (
			);
			inputFileListPaths = (
			);
			inputPaths = (
			);
			name = "Copy GoogleService-Info.plist";
			outputFileListPaths = (
			);
			outputPaths = (
			);
			runOnlyForDeploymentPostprocessing = 0;
			shellPath = /bin/sh;
			shellScript = "if [ \"${ENABLE_PREVIEWS}\" = \"YES\" ]; then\n  echo \"Building for Previews, ignore copy to avoid build loop issues.\"\n  exit 0;\nfi\n\nif [ \"${CONFIGURATION}\" = \"Release\" ]; then\n    SOURCE_CONFIG_PATH=\"${SRCROOT}/Alfie/Configuration/Release/GoogleService-Info.plist\"\nelse \n    SOURCE_CONFIG_PATH=\"${SRCROOT}/Alfie/Configuration/Debug/GoogleService-Info.plist\"\nfi\n\nDESTINATION_CONFIG_PATH=\"${BUILT_PRODUCTS_DIR}/${PRODUCT_NAME}.app/GoogleService-Info.plist\"\n\necho \"Will copy ${SOURCE_CONFIG_PATH} to ${DESTINATION_CONFIG_PATH}\"\ncp \"${SOURCE_CONFIG_PATH}\" \"${DESTINATION_CONFIG_PATH}\"\n";
			showEnvVarsInLog = 0;
		};
/* End PBXShellScriptBuildPhase section */

/* Begin PBXSourcesBuildPhase section */
		BE8B02202B616976007AE489 /* Sources */ = {
			isa = PBXSourcesBuildPhase;
			buildActionMask = 2147483647;
			files = (
			);
			runOnlyForDeploymentPostprocessing = 0;
		};
		BE8B02302B616979007AE489 /* Sources */ = {
			isa = PBXSourcesBuildPhase;
			buildActionMask = 2147483647;
			files = (
			);
			runOnlyForDeploymentPostprocessing = 0;
		};
		BE8B023A2B616979007AE489 /* Sources */ = {
			isa = PBXSourcesBuildPhase;
			buildActionMask = 2147483647;
			files = (
			);
			runOnlyForDeploymentPostprocessing = 0;
		};
/* End PBXSourcesBuildPhase section */

/* Begin PBXTargetDependency section */
		BE8B02362B616979007AE489 /* PBXTargetDependency */ = {
			isa = PBXTargetDependency;
			target = BE8B02232B616976007AE489 /* Alfie */;
			targetProxy = BE8B02352B616979007AE489 /* PBXContainerItemProxy */;
		};
		BE8B02402B616979007AE489 /* PBXTargetDependency */ = {
			isa = PBXTargetDependency;
			target = BE8B02232B616976007AE489 /* Alfie */;
			targetProxy = BE8B023F2B616979007AE489 /* PBXContainerItemProxy */;
		};
/* End PBXTargetDependency section */

/* Begin XCBuildConfiguration section */
		BE8B02462B616979007AE489 /* Debug */ = {
			isa = XCBuildConfiguration;
			buildSettings = {
				ALWAYS_SEARCH_USER_PATHS = NO;
				ASSETCATALOG_COMPILER_GENERATE_SWIFT_ASSET_SYMBOL_EXTENSIONS = YES;
				CLANG_ANALYZER_NONNULL = YES;
				CLANG_ANALYZER_NUMBER_OBJECT_CONVERSION = YES_AGGRESSIVE;
				CLANG_CXX_LANGUAGE_STANDARD = "gnu++20";
				CLANG_ENABLE_MODULES = YES;
				CLANG_ENABLE_OBJC_ARC = YES;
				CLANG_ENABLE_OBJC_WEAK = YES;
				CLANG_WARN_BLOCK_CAPTURE_AUTORELEASING = YES;
				CLANG_WARN_BOOL_CONVERSION = YES;
				CLANG_WARN_COMMA = YES;
				CLANG_WARN_CONSTANT_CONVERSION = YES;
				CLANG_WARN_DEPRECATED_OBJC_IMPLEMENTATIONS = YES;
				CLANG_WARN_DIRECT_OBJC_ISA_USAGE = YES_ERROR;
				CLANG_WARN_DOCUMENTATION_COMMENTS = YES;
				CLANG_WARN_EMPTY_BODY = YES;
				CLANG_WARN_ENUM_CONVERSION = YES;
				CLANG_WARN_INFINITE_RECURSION = YES;
				CLANG_WARN_INT_CONVERSION = YES;
				CLANG_WARN_NON_LITERAL_NULL_CONVERSION = YES;
				CLANG_WARN_OBJC_IMPLICIT_RETAIN_SELF = YES;
				CLANG_WARN_OBJC_LITERAL_CONVERSION = YES;
				CLANG_WARN_OBJC_ROOT_CLASS = YES_ERROR;
				CLANG_WARN_QUOTED_INCLUDE_IN_FRAMEWORK_HEADER = YES;
				CLANG_WARN_RANGE_LOOP_ANALYSIS = YES;
				CLANG_WARN_STRICT_PROTOTYPES = YES;
				CLANG_WARN_SUSPICIOUS_MOVE = YES;
				CLANG_WARN_UNGUARDED_AVAILABILITY = YES_AGGRESSIVE;
				CLANG_WARN_UNREACHABLE_CODE = YES;
				CLANG_WARN__DUPLICATE_METHOD_MATCH = YES;
				COPY_PHASE_STRIP = NO;
				DEBUG_INFORMATION_FORMAT = dwarf;
				ENABLE_STRICT_OBJC_MSGSEND = YES;
				ENABLE_TESTABILITY = YES;
				ENABLE_USER_SCRIPT_SANDBOXING = YES;
				GCC_C_LANGUAGE_STANDARD = gnu17;
				GCC_DYNAMIC_NO_PIC = NO;
				GCC_NO_COMMON_BLOCKS = YES;
				GCC_OPTIMIZATION_LEVEL = 0;
				GCC_PREPROCESSOR_DEFINITIONS = (
					"DEBUG=1",
					"$(inherited)",
				);
				GCC_WARN_64_TO_32_BIT_CONVERSION = YES;
				GCC_WARN_ABOUT_RETURN_TYPE = YES_ERROR;
				GCC_WARN_UNDECLARED_SELECTOR = YES;
				GCC_WARN_UNINITIALIZED_AUTOS = YES_AGGRESSIVE;
				GCC_WARN_UNUSED_FUNCTION = YES;
				GCC_WARN_UNUSED_VARIABLE = YES;
				IPHONEOS_DEPLOYMENT_TARGET = 16.0;
				LOCALIZATION_PREFERS_STRING_CATALOGS = YES;
				MTL_ENABLE_DEBUG_INFO = INCLUDE_SOURCE;
				MTL_FAST_MATH = YES;
				ONLY_ACTIVE_ARCH = YES;
				SDKROOT = iphoneos;
				SWIFT_ACTIVE_COMPILATION_CONDITIONS = "DEBUG $(inherited)";
				SWIFT_EMIT_LOC_STRINGS = YES;
				SWIFT_OPTIMIZATION_LEVEL = "-Onone";
			};
			name = Debug;
		};
		BE8B02472B616979007AE489 /* Release */ = {
			isa = XCBuildConfiguration;
			buildSettings = {
				ALWAYS_SEARCH_USER_PATHS = NO;
				ASSETCATALOG_COMPILER_GENERATE_SWIFT_ASSET_SYMBOL_EXTENSIONS = YES;
				CLANG_ANALYZER_NONNULL = YES;
				CLANG_ANALYZER_NUMBER_OBJECT_CONVERSION = YES_AGGRESSIVE;
				CLANG_CXX_LANGUAGE_STANDARD = "gnu++20";
				CLANG_ENABLE_MODULES = YES;
				CLANG_ENABLE_OBJC_ARC = YES;
				CLANG_ENABLE_OBJC_WEAK = YES;
				CLANG_WARN_BLOCK_CAPTURE_AUTORELEASING = YES;
				CLANG_WARN_BOOL_CONVERSION = YES;
				CLANG_WARN_COMMA = YES;
				CLANG_WARN_CONSTANT_CONVERSION = YES;
				CLANG_WARN_DEPRECATED_OBJC_IMPLEMENTATIONS = YES;
				CLANG_WARN_DIRECT_OBJC_ISA_USAGE = YES_ERROR;
				CLANG_WARN_DOCUMENTATION_COMMENTS = YES;
				CLANG_WARN_EMPTY_BODY = YES;
				CLANG_WARN_ENUM_CONVERSION = YES;
				CLANG_WARN_INFINITE_RECURSION = YES;
				CLANG_WARN_INT_CONVERSION = YES;
				CLANG_WARN_NON_LITERAL_NULL_CONVERSION = YES;
				CLANG_WARN_OBJC_IMPLICIT_RETAIN_SELF = YES;
				CLANG_WARN_OBJC_LITERAL_CONVERSION = YES;
				CLANG_WARN_OBJC_ROOT_CLASS = YES_ERROR;
				CLANG_WARN_QUOTED_INCLUDE_IN_FRAMEWORK_HEADER = YES;
				CLANG_WARN_RANGE_LOOP_ANALYSIS = YES;
				CLANG_WARN_STRICT_PROTOTYPES = YES;
				CLANG_WARN_SUSPICIOUS_MOVE = YES;
				CLANG_WARN_UNGUARDED_AVAILABILITY = YES_AGGRESSIVE;
				CLANG_WARN_UNREACHABLE_CODE = YES;
				CLANG_WARN__DUPLICATE_METHOD_MATCH = YES;
				COPY_PHASE_STRIP = NO;
				DEBUG_INFORMATION_FORMAT = "dwarf-with-dsym";
				ENABLE_NS_ASSERTIONS = NO;
				ENABLE_STRICT_OBJC_MSGSEND = YES;
				ENABLE_USER_SCRIPT_SANDBOXING = YES;
				GCC_C_LANGUAGE_STANDARD = gnu17;
				GCC_NO_COMMON_BLOCKS = YES;
				GCC_WARN_64_TO_32_BIT_CONVERSION = YES;
				GCC_WARN_ABOUT_RETURN_TYPE = YES_ERROR;
				GCC_WARN_UNDECLARED_SELECTOR = YES;
				GCC_WARN_UNINITIALIZED_AUTOS = YES_AGGRESSIVE;
				GCC_WARN_UNUSED_FUNCTION = YES;
				GCC_WARN_UNUSED_VARIABLE = YES;
				IPHONEOS_DEPLOYMENT_TARGET = 16.0;
				LOCALIZATION_PREFERS_STRING_CATALOGS = YES;
				MTL_ENABLE_DEBUG_INFO = NO;
				MTL_FAST_MATH = YES;
				SDKROOT = iphoneos;
				SWIFT_COMPILATION_MODE = wholemodule;
				SWIFT_EMIT_LOC_STRINGS = YES;
				VALIDATE_PRODUCT = YES;
			};
			name = Release;
		};
		BE8B02492B616979007AE489 /* Debug */ = {
			isa = XCBuildConfiguration;
			buildSettings = {
				ASSETCATALOG_COMPILER_APPICON_NAME = AppIcon;
				ASSETCATALOG_COMPILER_GLOBAL_ACCENT_COLOR_NAME = AccentColor;
				CODE_SIGN_ENTITLEMENTS = Alfie/Alfie.entitlements;
				CODE_SIGN_IDENTITY = "Apple Development";
				CODE_SIGN_STYLE = Automatic;
				CURRENT_PROJECT_VERSION = 0;
				DEBUG_INFORMATION_FORMAT = "dwarf-with-dsym";
				DEVELOPMENT_ASSET_PATHS = "\"Alfie/Preview Content\"";
				ENABLE_PREVIEWS = YES;
				ENABLE_USER_SCRIPT_SANDBOXING = NO;
				GENERATE_INFOPLIST_FILE = YES;
				INFOPLIST_FILE = Alfie/Info.plist;
				INFOPLIST_KEY_CFBundleDisplayName = Alfie;
				INFOPLIST_KEY_UIApplicationSceneManifest_Generation = YES;
				INFOPLIST_KEY_UIApplicationSupportsIndirectInputEvents = YES;
				INFOPLIST_KEY_UIRequiresFullScreen = YES;
				INFOPLIST_KEY_UISupportedInterfaceOrientations = UIInterfaceOrientationPortrait;
				INFOPLIST_KEY_UIUserInterfaceStyle = Light;
				LD_RUNPATH_SEARCH_PATHS = (
					"$(inherited)",
					"@executable_path/Frameworks",
				);
				MARKETING_VERSION = 0.0.1;
				PRODUCT_BUNDLE_IDENTIFIER = com.mindera.alfie.debug;
				PRODUCT_NAME = "$(TARGET_NAME)";
				SUPPORTED_PLATFORMS = "iphoneos iphonesimulator";
				SUPPORTS_MACCATALYST = NO;
				SUPPORTS_MAC_DESIGNED_FOR_IPHONE_IPAD = NO;
				SUPPORTS_XR_DESIGNED_FOR_IPHONE_IPAD = NO;
				SWIFT_EMIT_LOC_STRINGS = YES;
				SWIFT_VERSION = 5.0;
				TARGETED_DEVICE_FAMILY = "1,2";
			};
			name = Debug;
		};
		BE8B024A2B616979007AE489 /* Release */ = {
			isa = XCBuildConfiguration;
			buildSettings = {
				ASSETCATALOG_COMPILER_APPICON_NAME = AppIcon;
				ASSETCATALOG_COMPILER_GLOBAL_ACCENT_COLOR_NAME = AccentColor;
				CODE_SIGN_ENTITLEMENTS = Alfie/Alfie.entitlements;
				CODE_SIGN_STYLE = Automatic;
				CURRENT_PROJECT_VERSION = 0;
				DEVELOPMENT_ASSET_PATHS = "\"Alfie/Preview Content\"";
				ENABLE_PREVIEWS = YES;
				ENABLE_USER_SCRIPT_SANDBOXING = NO;
				"EXCLUDED_SOURCE_FILE_NAMES[arch=*]" = "Mocks*";
				GENERATE_INFOPLIST_FILE = YES;
				INFOPLIST_FILE = Alfie/Info.plist;
				INFOPLIST_KEY_CFBundleDisplayName = Alfie;
				INFOPLIST_KEY_UIApplicationSceneManifest_Generation = YES;
				INFOPLIST_KEY_UIApplicationSupportsIndirectInputEvents = YES;
				INFOPLIST_KEY_UIRequiresFullScreen = YES;
				INFOPLIST_KEY_UISupportedInterfaceOrientations = UIInterfaceOrientationPortrait;
				INFOPLIST_KEY_UIUserInterfaceStyle = Light;
				LD_RUNPATH_SEARCH_PATHS = (
					"$(inherited)",
					"@executable_path/Frameworks",
				);
				MARKETING_VERSION = 0.0.1;
				PRODUCT_BUNDLE_IDENTIFIER = com.mindera.alfie;
				PRODUCT_NAME = "$(TARGET_NAME)";
				SUPPORTED_PLATFORMS = "iphoneos iphonesimulator";
				SUPPORTS_MACCATALYST = NO;
				SUPPORTS_MAC_DESIGNED_FOR_IPHONE_IPAD = NO;
				SUPPORTS_XR_DESIGNED_FOR_IPHONE_IPAD = NO;
				SWIFT_EMIT_LOC_STRINGS = YES;
				SWIFT_VERSION = 5.0;
				TARGETED_DEVICE_FAMILY = "1,2";
			};
			name = Release;
		};
		BE8B024C2B616979007AE489 /* Debug */ = {
			isa = XCBuildConfiguration;
			buildSettings = {
				BUNDLE_LOADER = "$(TEST_HOST)";
				CODE_SIGN_STYLE = Automatic;
				CURRENT_PROJECT_VERSION = 0;
				GENERATE_INFOPLIST_FILE = YES;
				IPHONEOS_DEPLOYMENT_TARGET = 16.0;
				MARKETING_VERSION = 0.8.0;
				PRODUCT_BUNDLE_IDENTIFIER = com.mindera.AlfieTests;
				PRODUCT_NAME = "$(TARGET_NAME)";
				SWIFT_EMIT_LOC_STRINGS = NO;
				SWIFT_VERSION = 5.0;
				TARGETED_DEVICE_FAMILY = "1,2";
				TEST_HOST = "$(BUILT_PRODUCTS_DIR)/Alfie.app/$(BUNDLE_EXECUTABLE_FOLDER_PATH)/Alfie";
			};
			name = Debug;
		};
		BE8B024D2B616979007AE489 /* Release */ = {
			isa = XCBuildConfiguration;
			buildSettings = {
				BUNDLE_LOADER = "$(TEST_HOST)";
				CURRENT_PROJECT_VERSION = 0;
				GENERATE_INFOPLIST_FILE = YES;
				IPHONEOS_DEPLOYMENT_TARGET = 16.0;
				MARKETING_VERSION = 0.8.0;
				PRODUCT_BUNDLE_IDENTIFIER = com.mindera.AlfieTests;
				PRODUCT_NAME = "$(TARGET_NAME)";
				SWIFT_EMIT_LOC_STRINGS = NO;
				SWIFT_VERSION = 5.0;
				TARGETED_DEVICE_FAMILY = "1,2";
				TEST_HOST = "$(BUILT_PRODUCTS_DIR)/Alfie.app/$(BUNDLE_EXECUTABLE_FOLDER_PATH)/Alfie";
			};
			name = Release;
		};
		BE8B024F2B616979007AE489 /* Debug */ = {
			isa = XCBuildConfiguration;
			buildSettings = {
				CODE_SIGN_STYLE = Automatic;
				CURRENT_PROJECT_VERSION = 0;
				GENERATE_INFOPLIST_FILE = YES;
				MARKETING_VERSION = 0.8.0;
				PRODUCT_BUNDLE_IDENTIFIER = com.mindera.AlfieUITests;
				PRODUCT_NAME = "$(TARGET_NAME)";
				SWIFT_EMIT_LOC_STRINGS = NO;
				SWIFT_VERSION = 5.0;
				TARGETED_DEVICE_FAMILY = "1,2";
				TEST_TARGET_NAME = Alfie;
			};
			name = Debug;
		};
		BE8B02502B616979007AE489 /* Release */ = {
			isa = XCBuildConfiguration;
			buildSettings = {
				CURRENT_PROJECT_VERSION = 0;
				GENERATE_INFOPLIST_FILE = YES;
				MARKETING_VERSION = 0.8.0;
				PRODUCT_BUNDLE_IDENTIFIER = com.mindera.AlfieUITests;
				PRODUCT_NAME = "$(TARGET_NAME)";
				SWIFT_EMIT_LOC_STRINGS = NO;
				SWIFT_VERSION = 5.0;
				TARGETED_DEVICE_FAMILY = "1,2";
				TEST_TARGET_NAME = Alfie;
			};
			name = Release;
		};
/* End XCBuildConfiguration section */

/* Begin XCConfigurationList section */
		BE8B021F2B616976007AE489 /* Build configuration list for PBXProject "Alfie" */ = {
			isa = XCConfigurationList;
			buildConfigurations = (
				BE8B02462B616979007AE489 /* Debug */,
				BE8B02472B616979007AE489 /* Release */,
			);
			defaultConfigurationIsVisible = 0;
			defaultConfigurationName = Release;
		};
		BE8B02482B616979007AE489 /* Build configuration list for PBXNativeTarget "Alfie" */ = {
			isa = XCConfigurationList;
			buildConfigurations = (
				BE8B02492B616979007AE489 /* Debug */,
				BE8B024A2B616979007AE489 /* Release */,
			);
			defaultConfigurationIsVisible = 0;
			defaultConfigurationName = Release;
		};
		BE8B024B2B616979007AE489 /* Build configuration list for PBXNativeTarget "AlfieTests" */ = {
			isa = XCConfigurationList;
			buildConfigurations = (
				BE8B024C2B616979007AE489 /* Debug */,
				BE8B024D2B616979007AE489 /* Release */,
			);
			defaultConfigurationIsVisible = 0;
			defaultConfigurationName = Release;
		};
		BE8B024E2B616979007AE489 /* Build configuration list for PBXNativeTarget "AlfieUITests" */ = {
			isa = XCConfigurationList;
			buildConfigurations = (
				BE8B024F2B616979007AE489 /* Debug */,
				BE8B02502B616979007AE489 /* Release */,
			);
			defaultConfigurationIsVisible = 0;
			defaultConfigurationName = Release;
		};
/* End XCConfigurationList section */

/* Begin XCSwiftPackageProductDependency section */
		99DCD9262D9FD27400A3CA25 /* SharedUI */ = {
			isa = XCSwiftPackageProductDependency;
			productName = SharedUI;
		};
		C54DA2B62D368A40005142F4 /* Core */ = {
			isa = XCSwiftPackageProductDependency;
			productName = Core;
		};
		C54DA2B82D368A40005142F4 /* Mocks */ = {
			isa = XCSwiftPackageProductDependency;
			productName = Mocks;
		};
		C54DA2BA2D368A40005142F4 /* Models */ = {
			isa = XCSwiftPackageProductDependency;
			productName = Models;
		};
		C54DA2BC2D368A40005142F4 /* Navigation */ = {
			isa = XCSwiftPackageProductDependency;
			productName = Navigation;
		};
		C54DA2BE2D368A40005142F4 /* StyleGuide */ = {
			isa = XCSwiftPackageProductDependency;
			productName = StyleGuide;
		};
		C54DA59C2D369927005142F4 /* TestUtils */ = {
			isa = XCSwiftPackageProductDependency;
			productName = TestUtils;
		};
		C5DCD5F32D3EA0B70005AAB0 /* Common */ = {
			isa = XCSwiftPackageProductDependency;
			productName = Common;
		};
/* End XCSwiftPackageProductDependency section */
	};
	rootObject = BE8B021C2B616976007AE489 /* Project object */;
}
